{
  "version": 4,
  "terraform_version": "1.2.3",
  "serial": 1,
  "lineage": "86545604-7463-4aa5-e9e8-a2a221de98d2",
  "outputs": {},
  "resources": [
    {
      "mode": "managed",
      "type": "aws_instance",
      "name": "example",
      "provider": "provider[\"registry.terraform.io/hashicorp/aws\"]",
      "instances": [
        {
          "schema_version": 1,
          "attributes": {
            "ami": "ami-0fb653ca2d3203ac1",
            "arn": "arn:aws:ec2:us-east-2:123456789012:instance/i-0bc4bbe5b84387543",
            "associate_public_ip_address": true,
            "availability_zone": "us-east-2b",
            "id": "i-0bc4bbe5b84387543",
            "instance_state": "running",
            "instance_type": "t2.micro",
            "tags": {
              "Name": "HelloWorld"
            }
          },
          "sensitive_attributes": [],
          "private": "eyJlMmJmYjczMC1lY2FhLTExZTYtOGY4OC0zNDM2M2JjN2M0YzAiOnsiY3JlYXRlIjo2MDAwMDAwMDAwMDAsImRlbGV0ZSI6MTIwMDAwMDAwMDAwMCwidXBkYXRlIjo2MDAwMDAwMDAwMDB9LCJzY2hlbWFfdmVyc2lvbiI6IjEifQ=="
        }
      ]
    }
  ]
}